
Microsoft Visual Studio Solution File, Format Version 12.00
# Visual Studio Version 17
VisualStudioVersion = 17.1.32407.343
MinimumVisualStudioVersion = 10.0.40219.1
Project("{FAE04EC0-301F-11D3-BF4B-00C04F79EFBC}") = "Lekcja 19", "Lekcja 19.csproj", "{024A99B7-235A-4F76-AF15-4488B6E5C998}"
EndProject
Global
	GlobalSection(SolutionConfigurationPlatforms) = preSolution
		Debug|Any CPU = Debug|Any CPU
		Release|Any CPU = Release|Any CPU
	EndGlobalSection
	GlobalSection(ProjectConfigurationPlatforms) = postSolution
		{024A99B7-235A-4F76-AF15-4488B6E5C998}.Debug|Any CPU.ActiveCfg = Debug|Any CPU
		{024A99B7-235A-4F76-AF15-4488B6E5C998}.Debug|Any CPU.Build.0 = Debug|Any CPU
		{024A99B7-235A-4F76-AF15-4488B6E5C998}.Release|Any CPU.ActiveCfg = Release|Any CPU
		{024A99B7-235A-4F76-AF15-4488B6E5C998}.Release|Any CPU.Build.0 = Release|Any CPU
	EndGlobalSection
	GlobalSection(SolutionProperties) = preSolution
		HideSolutionNode = FALSE
	EndGlobalSection
	GlobalSection(ExtensibilityGlobals) = postSolution
		SolutionGuid = {F323DBF7-B19D-42E3-97B0-8BCCFA6E0BB7}
	EndGlobalSection
EndGlobal
