
Microsoft Visual Studio Solution File, Format Version 12.00
# Visual Studio Version 17
VisualStudioVersion = 17.1.32407.343
MinimumVisualStudioVersion = 10.0.40219.1
Project("{FAE04EC0-301F-11D3-BF4B-00C04F79EFBC}") = "next3", "next3.csproj", "{EAD610B2-BF92-4450-9FF2-FE4FA247500C}"
EndProject
Global
	GlobalSection(SolutionConfigurationPlatforms) = preSolution
		Debug|Any CPU = Debug|Any CPU
		Release|Any CPU = Release|Any CPU
	EndGlobalSection
	GlobalSection(ProjectConfigurationPlatforms) = postSolution
		{EAD610B2-BF92-4450-9FF2-FE4FA247500C}.Debug|Any CPU.ActiveCfg = Debug|Any CPU
		{EAD610B2-BF92-4450-9FF2-FE4FA247500C}.Debug|Any CPU.Build.0 = Debug|Any CPU
		{EAD610B2-BF92-4450-9FF2-FE4FA247500C}.Release|Any CPU.ActiveCfg = Release|Any CPU
		{EAD610B2-BF92-4450-9FF2-FE4FA247500C}.Release|Any CPU.Build.0 = Release|Any CPU
	EndGlobalSection
	GlobalSection(SolutionProperties) = preSolution
		HideSolutionNode = FALSE
	EndGlobalSection
	GlobalSection(ExtensibilityGlobals) = postSolution
		SolutionGuid = {FE310A53-AC44-4683-97B4-A49EAB55C151}
	EndGlobalSection
EndGlobal
