
Microsoft Visual Studio Solution File, Format Version 12.00
# Visual Studio Version 17
VisualStudioVersion = 17.1.32407.343
MinimumVisualStudioVersion = 10.0.40219.1
Project("{FAE04EC0-301F-11D3-BF4B-00C04F79EFBC}") = "Lekcja15", "Lekcja15.csproj", "{AB16C40E-83A2-4210-9680-E37520C38E3E}"
EndProject
Global
	GlobalSection(SolutionConfigurationPlatforms) = preSolution
		Debug|Any CPU = Debug|Any CPU
		Release|Any CPU = Release|Any CPU
	EndGlobalSection
	GlobalSection(ProjectConfigurationPlatforms) = postSolution
		{AB16C40E-83A2-4210-9680-E37520C38E3E}.Debug|Any CPU.ActiveCfg = Debug|Any CPU
		{AB16C40E-83A2-4210-9680-E37520C38E3E}.Debug|Any CPU.Build.0 = Debug|Any CPU
		{AB16C40E-83A2-4210-9680-E37520C38E3E}.Release|Any CPU.ActiveCfg = Release|Any CPU
		{AB16C40E-83A2-4210-9680-E37520C38E3E}.Release|Any CPU.Build.0 = Release|Any CPU
	EndGlobalSection
	GlobalSection(SolutionProperties) = preSolution
		HideSolutionNode = FALSE
	EndGlobalSection
	GlobalSection(ExtensibilityGlobals) = postSolution
		SolutionGuid = {E9C35C5C-DF25-4E0F-9256-CDBE0F7D90C3}
	EndGlobalSection
EndGlobal
