
Microsoft Visual Studio Solution File, Format Version 12.00
# Visual Studio Version 17
VisualStudioVersion = 17.1.32407.343
MinimumVisualStudioVersion = 10.0.40219.1
Project("{FAE04EC0-301F-11D3-BF4B-00C04F79EFBC}") = "Lekcja28", "Lekcja28.csproj", "{6DF75607-FE42-4493-8359-A0D1CAF882E0}"
EndProject
Global
	GlobalSection(SolutionConfigurationPlatforms) = preSolution
		Debug|Any CPU = Debug|Any CPU
		Release|Any CPU = Release|Any CPU
	EndGlobalSection
	GlobalSection(ProjectConfigurationPlatforms) = postSolution
		{6DF75607-FE42-4493-8359-A0D1CAF882E0}.Debug|Any CPU.ActiveCfg = Debug|Any CPU
		{6DF75607-FE42-4493-8359-A0D1CAF882E0}.Debug|Any CPU.Build.0 = Debug|Any CPU
		{6DF75607-FE42-4493-8359-A0D1CAF882E0}.Release|Any CPU.ActiveCfg = Release|Any CPU
		{6DF75607-FE42-4493-8359-A0D1CAF882E0}.Release|Any CPU.Build.0 = Release|Any CPU
	EndGlobalSection
	GlobalSection(SolutionProperties) = preSolution
		HideSolutionNode = FALSE
	EndGlobalSection
	GlobalSection(ExtensibilityGlobals) = postSolution
		SolutionGuid = {22D70D7A-C5EF-4819-9F7E-A414AFF19778}
	EndGlobalSection
EndGlobal
